
Microsoft Visual Studio Solution File, Format Version 12.00
# Visual Studio 15
VisualStudioVersion = 15.0.28307.572
MinimumVisualStudioVersion = 10.0.40219.1
Project("{8BC9CEB8-8B4A-11D0-8D11-00A0C91BC942}") = "CurveFitting", "CurveFitting\CurveFitting.vcxproj", "{102018CA-81C9-42A9-8BDF-906FBF16E8D1}"
EndProject
Project("{8BC9CEB8-8B4A-11D0-8D11-00A0C91BC942}") = "BundleAdjustment", "BundleAdjustment\BundleAdjustment.vcxproj", "{4DDAAC1E-77F7-44DA-9EC2-F809EE5B46C6}"
EndProject
Project("{8BC9CEB8-8B4A-11D0-8D11-00A0C91BC942}") = "Simple", "Simple\Simple.vcxproj", "{BD004F10-EFD4-4C18-AB01-005B3891E865}"
EndProject
Project("{8BC9CEB8-8B4A-11D0-8D11-00A0C91BC942}") = "AngleAxisRotate", "AngleAxisRotate\AngleAxisRotate.vcxproj", "{BD2E9A2E-8584-4533-B63A-6161FCF299A0}"
EndProject
Global
	GlobalSection(SolutionConfigurationPlatforms) = preSolution
		Debug|x64 = Debug|x64
		Debug|x86 = Debug|x86
		Release|x64 = Release|x64
		Release|x86 = Release|x86
	EndGlobalSection
	GlobalSection(ProjectConfigurationPlatforms) = postSolution
		{102018CA-81C9-42A9-8BDF-906FBF16E8D1}.Debug|x64.ActiveCfg = Debug|x64
		{102018CA-81C9-42A9-8BDF-906FBF16E8D1}.Debug|x64.Build.0 = Debug|x64
		{102018CA-81C9-42A9-8BDF-906FBF16E8D1}.Debug|x86.ActiveCfg = Debug|Win32
		{102018CA-81C9-42A9-8BDF-906FBF16E8D1}.Debug|x86.Build.0 = Debug|Win32
		{102018CA-81C9-42A9-8BDF-906FBF16E8D1}.Release|x64.ActiveCfg = Release|x64
		{102018CA-81C9-42A9-8BDF-906FBF16E8D1}.Release|x64.Build.0 = Release|x64
		{102018CA-81C9-42A9-8BDF-906FBF16E8D1}.Release|x86.ActiveCfg = Release|Win32
		{102018CA-81C9-42A9-8BDF-906FBF16E8D1}.Release|x86.Build.0 = Release|Win32
		{4DDAAC1E-77F7-44DA-9EC2-F809EE5B46C6}.Debug|x64.ActiveCfg = Debug|x64
		{4DDAAC1E-77F7-44DA-9EC2-F809EE5B46C6}.Debug|x64.Build.0 = Debug|x64
		{4DDAAC1E-77F7-44DA-9EC2-F809EE5B46C6}.Debug|x86.ActiveCfg = Debug|Win32
		{4DDAAC1E-77F7-44DA-9EC2-F809EE5B46C6}.Debug|x86.Build.0 = Debug|Win32
		{4DDAAC1E-77F7-44DA-9EC2-F809EE5B46C6}.Release|x64.ActiveCfg = Release|x64
		{4DDAAC1E-77F7-44DA-9EC2-F809EE5B46C6}.Release|x64.Build.0 = Release|x64
		{4DDAAC1E-77F7-44DA-9EC2-F809EE5B46C6}.Release|x86.ActiveCfg = Release|Win32
		{4DDAAC1E-77F7-44DA-9EC2-F809EE5B46C6}.Release|x86.Build.0 = Release|Win32
		{BD004F10-EFD4-4C18-AB01-005B3891E865}.Debug|x64.ActiveCfg = Debug|x64
		{BD004F10-EFD4-4C18-AB01-005B3891E865}.Debug|x64.Build.0 = Debug|x64
		{BD004F10-EFD4-4C18-AB01-005B3891E865}.Debug|x86.ActiveCfg = Debug|Win32
		{BD004F10-EFD4-4C18-AB01-005B3891E865}.Debug|x86.Build.0 = Debug|Win32
		{BD004F10-EFD4-4C18-AB01-005B3891E865}.Release|x64.ActiveCfg = Release|x64
		{BD004F10-EFD4-4C18-AB01-005B3891E865}.Release|x64.Build.0 = Release|x64
		{BD004F10-EFD4-4C18-AB01-005B3891E865}.Release|x86.ActiveCfg = Release|Win32
		{BD004F10-EFD4-4C18-AB01-005B3891E865}.Release|x86.Build.0 = Release|Win32
		{BD2E9A2E-8584-4533-B63A-6161FCF299A0}.Debug|x64.ActiveCfg = Debug|x64
		{BD2E9A2E-8584-4533-B63A-6161FCF299A0}.Debug|x64.Build.0 = Debug|x64
		{BD2E9A2E-8584-4533-B63A-6161FCF299A0}.Debug|x86.ActiveCfg = Debug|Win32
		{BD2E9A2E-8584-4533-B63A-6161FCF299A0}.Debug|x86.Build.0 = Debug|Win32
		{BD2E9A2E-8584-4533-B63A-6161FCF299A0}.Release|x64.ActiveCfg = Release|x64
		{BD2E9A2E-8584-4533-B63A-6161FCF299A0}.Release|x64.Build.0 = Release|x64
		{BD2E9A2E-8584-4533-B63A-6161FCF299A0}.Release|x86.ActiveCfg = Release|Win32
		{BD2E9A2E-8584-4533-B63A-6161FCF299A0}.Release|x86.Build.0 = Release|Win32
	EndGlobalSection
	GlobalSection(SolutionProperties) = preSolution
		HideSolutionNode = FALSE
	EndGlobalSection
	GlobalSection(ExtensibilityGlobals) = postSolution
		SolutionGuid = {4B2D7927-C035-427D-94DE-0837F4B1FC68}
	EndGlobalSection
EndGlobal
